<?xml version="1.0" encoding="utf-8"?>
<Project ToolsVersion="4.0" xmlns="http://schemas.microsoft.com/developer/msbuild/2003">
  <ItemGroup>
    <Filter Include="Source Files">
      <UniqueIdentifier>{4FC737F1-C7A5-4376-A066-2A32D752A2FF}</UniqueIdentifier>
      <Extensions>cpp;c;cc;cxx;def;odl;idl;hpj;bat;asm;asmx</Extensions>
    </Filter>
    <Filter Include="Header Files">
      <UniqueIdentifier>{93995380-89BD-4b04-88EB-625FBE52EBFB}</UniqueIdentifier>
      <Extensions>h;hh;hpp;hxx;hm;inl;inc;ipp;xsd</Extensions>
    </Filter>
    <Filter Include="Resource Files">
      <UniqueIdentifier>{67DA6AB6-F800-4c08-8B7A-83BB121AAD01}</UniqueIdentifier>
      <Extensions>rc;ico;cur;bmp;dlg;rc2;rct;bin;rgs;gif;jpg;jpeg;jpe;resx;tiff;tif;png;wav;mfcribbon-ms</Extensions>
    </Filter>
    <Filter Include="Dependencies">
      <UniqueIdentifier>{486f270e-5094-4386-8d5e-53aca246389c}</UniqueIdentifier>
    </Filter>
    <Filter Include="Dependencies\Binary Files">
      <UniqueIdentifier>{a7e56732-30ad-479c-bc00-6cb6babd2234}</UniqueIdentifier>
    </Filter>
    <Filter Include="Dependencies\Include Files">
      <UniqueIdentifier>{b039c906-4411-41df-a275-c59873ebb3fa}</UniqueIdentifier>
    </Filter>
    <Filter Include="Dependencies\Library Files">
      <UniqueIdentifier>{387a7beb-6927-4979-aae5-4857e59b155a}</UniqueIdentifier>
    </Filter>
    <Filter Include="Dependencies\Library Files\Debug">
      <UniqueIdentifier>{06520a8b-e9fe-4deb-954a-b482878c814b}</UniqueIdentifier>
    </Filter>
    <Filter Include="Dependencies\Library Files\Release">
      <UniqueIdentifier>{d4070a77-1973-448e-8960-9366e2def6a9}</UniqueIdentifier>
    </Filter>
    <Filter Include="Dependencies\Binary Files\Debug">
      <UniqueIdentifier>{52d52214-a12e-4012-a76b-922a09af4042}</UniqueIdentifier>
    </Filter>
    <Filter Include="Dependencies\Binary Files\Release">
      <UniqueIdentifier>{de805dbc-3502-4d88-9e6e-321060160b28}</UniqueIdentifier>
    </Filter>
    <Filter Include="Header Files\graphics">
      <UniqueIdentifier>{b65e00be-1681-4add-88b1-dc5f61937d40}</UniqueIdentifier>
    </Filter>
    <Filter Include="Source Files\graphics">
      <UniqueIdentifier>{285f2261-e986-4e87-b698-a152cea9f469}</UniqueIdentifier>
    </Filter>
    <Filter Include="Header Files\input">
      <UniqueIdentifier>{dc307942-2f55-47e6-98fa-1310083a3376}</UniqueIdentifier>
    </Filter>
    <Filter Include="Source Files\input">
      <UniqueIdentifier>{65c929cd-c682-4d69-bf6f-fefabffb2b66}</UniqueIdentifier>
    </Filter>
    <Filter Include="Header Files\utilities">
      <UniqueIdentifier>{37670268-7178-4b90-ba4a-4c6efecb34ee}</UniqueIdentifier>
    </Filter>
    <Filter Include="Source Files\utilities">
      <UniqueIdentifier>{7e260fe6-5bfc-4ec2-846e-aad01beaf4ff}</UniqueIdentifier>
    </Filter>
  </ItemGroup>
  <ItemGroup>
    <None Include="deps\bin\debug\.gitkeep">
      <Filter>Dependencies\Binary Files\Debug</Filter>
    </None>
    <None Include="deps\bin\release\.gitkeep">
      <Filter>Dependencies\Binary Files\Release</Filter>
    </None>
    <None Include="deps\lib\debug\.gitkeep">
      <Filter>Dependencies\Library Files\Debug</Filter>
    </None>
    <None Include="deps\lib\release\.gitkeep">
      <Filter>Dependencies\Library Files\Release</Filter>
    </None>
    <None Include="deps\include\.gitkeep">
      <Filter>Dependencies\Include Files</Filter>
    </None>
  </ItemGroup>
  <ItemGroup>
    <ClCompile Include="src\main.cpp">
      <Filter>Source Files</Filter>
    </ClCompile>
    <ClCompile Include="src\stdafx.cpp">
      <Filter>Source Files</Filter>
    </ClCompile>
    <ClCompile Include="src\graphics\Window.cpp">
      <Filter>Source Files\graphics</Filter>
    </ClCompile>
    <ClCompile Include="src\graphics\WindowStyle.cpp">
      <Filter>Source Files\graphics</Filter>
    </ClCompile>
    <ClCompile Include="src\graphics\WindowParams.cpp">
      <Filter>Source Files\graphics</Filter>
    </ClCompile>
    <ClCompile Include="src\graphics\SDLWindow.cpp">
      <Filter>Source Files\graphics</Filter>
    </ClCompile>
    <ClCompile Include="src\graphics\SDLWindowParams.cpp">
      <Filter>Source Files\graphics</Filter>
    </ClCompile>
    <ClCompile Include="src\graphics\SDLDeleter.cpp">
      <Filter>Source Files\graphics</Filter>
    </ClCompile>
    <ClCompile Include="src\graphics\SfWindow.cpp">
      <Filter>Source Files\graphics</Filter>
    </ClCompile>
    <ClCompile Include="src\graphics\SfWindowParams.cpp">
      <Filter>Source Files\graphics</Filter>
    </ClCompile>
    <ClCompile Include="src\input\MouseHandler.cpp">
      <Filter>Source Files\input</Filter>
    </ClCompile>
    <ClCompile Include="src\input\Keyhandler.cpp">
      <Filter>Source Files\input</Filter>
    </ClCompile>
    <ClCompile Include="src\Game.cpp">
      <Filter>Source Files</Filter>
    </ClCompile>
    <ClCompile Include="src\utilities\Time.cpp">
      <Filter>Source Files\utilities</Filter>
    </ClCompile>
    <ClCompile Include="src\utilities\Console.cpp">
      <Filter>Source Files\utilities</Filter>
    </ClCompile>
  </ItemGroup>
  <ItemGroup>
    <ClInclude Include="src\stdafx.h">
      <Filter>Header Files</Filter>
    </ClInclude>
    <ClInclude Include="src\graphics\Window.h">
      <Filter>Header Files\graphics</Filter>
    </ClInclude>
    <ClInclude Include="src\graphics\WindowStyle.h">
      <Filter>Header Files\graphics</Filter>
    </ClInclude>
    <ClInclude Include="src\graphics\SDLWindow.h">
      <Filter>Header Files\graphics</Filter>
    </ClInclude>
    <ClInclude Include="src\graphics\WindowParams.h">
      <Filter>Header Files\graphics</Filter>
    </ClInclude>
    <ClInclude Include="src\graphics\SDLWindowParams.h">
      <Filter>Header Files\graphics</Filter>
    </ClInclude>
    <ClInclude Include="src\graphics\SDLDeleter.h">
      <Filter>Header Files\graphics</Filter>
    </ClInclude>
    <ClInclude Include="src\graphics\SfWindow.h">
      <Filter>Header Files\graphics</Filter>
    </ClInclude>
    <ClInclude Include="src\graphics\SfWindowParams.h">
      <Filter>Header Files\graphics</Filter>
    </ClInclude>
    <ClInclude Include="src\input\Keyhandler.h">
      <Filter>Header Files\input</Filter>
    </ClInclude>
    <ClInclude Include="src\input\MouseHandler.h">
      <Filter>Header Files\input</Filter>
    </ClInclude>
    <ClInclude Include="src\Game.h">
      <Filter>Header Files</Filter>
    </ClInclude>
    <ClInclude Include="src\utilities\Console.h">
      <Filter>Header Files\utilities</Filter>
    </ClInclude>
    <ClInclude Include="src\utilities\Time.h">
      <Filter>Header Files\utilities</Filter>
    </ClInclude>
  </ItemGroup>
</Project>