<?xml version="1.0" encoding="utf-8"?>
<Project ToolsVersion="4.0" xmlns="http://schemas.microsoft.com/developer/msbuild/2003">
  <ItemGroup>
    <Filter Include="Source Files">
      <UniqueIdentifier>{4FC737F1-C7A5-4376-A066-2A32D752A2FF}</UniqueIdentifier>
      <Extensions>cpp;c;cc;cxx;def;odl;idl;hpj;bat;asm;asmx</Extensions>
    </Filter>
    <Filter Include="Header Files">
      <UniqueIdentifier>{93995380-89BD-4b04-88EB-625FBE52EBFB}</UniqueIdentifier>
      <Extensions>h;hh;hpp;hxx;hm;inl;inc;ipp;xsd</Extensions>
    </Filter>
    <Filter Include="Resource Files">
      <UniqueIdentifier>{67DA6AB6-F800-4c08-8B7A-83BB121AAD01}</UniqueIdentifier>
      <Extensions>rc;ico;cur;bmp;dlg;rc2;rct;bin;rgs;gif;jpg;jpeg;jpe;resx;tiff;tif;png;wav;mfcribbon-ms</Extensions>
    </Filter>
    <Filter Include="Dependencies">
      <UniqueIdentifier>{486f270e-5094-4386-8d5e-53aca246389c}</UniqueIdentifier>
    </Filter>
    <Filter Include="Dependencies\Binary Files">
      <UniqueIdentifier>{a7e56732-30ad-479c-bc00-6cb6babd2234}</UniqueIdentifier>
    </Filter>
    <Filter Include="Dependencies\Include Files">
      <UniqueIdentifier>{b039c906-4411-41df-a275-c59873ebb3fa}</UniqueIdentifier>
    </Filter>
    <Filter Include="Dependencies\Library Files">
      <UniqueIdentifier>{387a7beb-6927-4979-aae5-4857e59b155a}</UniqueIdentifier>
    </Filter>
    <Filter Include="Dependencies\Library Files\Debug">
      <UniqueIdentifier>{06520a8b-e9fe-4deb-954a-b482878c814b}</UniqueIdentifier>
    </Filter>
    <Filter Include="Dependencies\Library Files\Release">
      <UniqueIdentifier>{d4070a77-1973-448e-8960-9366e2def6a9}</UniqueIdentifier>
    </Filter>
    <Filter Include="Dependencies\Binary Files\Debug">
      <UniqueIdentifier>{52d52214-a12e-4012-a76b-922a09af4042}</UniqueIdentifier>
    </Filter>
    <Filter Include="Dependencies\Binary Files\Release">
      <UniqueIdentifier>{de805dbc-3502-4d88-9e6e-321060160b28}</UniqueIdentifier>
    </Filter>
    <Filter Include="Header Files\graphics">
      <UniqueIdentifier>{b65e00be-1681-4add-88b1-dc5f61937d40}</UniqueIdentifier>
    </Filter>
    <Filter Include="Source Files\graphics">
      <UniqueIdentifier>{285f2261-e986-4e87-b698-a152cea9f469}</UniqueIdentifier>
    </Filter>
    <Filter Include="Header Files\input">
      <UniqueIdentifier>{dc307942-2f55-47e6-98fa-1310083a3376}</UniqueIdentifier>
    </Filter>
    <Filter Include="Source Files\input">
      <UniqueIdentifier>{65c929cd-c682-4d69-bf6f-fefabffb2b66}</UniqueIdentifier>
    </Filter>
    <Filter Include="Header Files\utilities">
      <UniqueIdentifier>{37670268-7178-4b90-ba4a-4c6efecb34ee}</UniqueIdentifier>
    </Filter>
    <Filter Include="Source Files\utilities">
      <UniqueIdentifier>{7e260fe6-5bfc-4ec2-846e-aad01beaf4ff}</UniqueIdentifier>
    </Filter>
    <Filter Include="Header Files\math">
      <UniqueIdentifier>{71d6596b-23ff-44a3-aa2a-ecf71bf80214}</UniqueIdentifier>
    </Filter>
    <Filter Include="Source Files\math">
      <UniqueIdentifier>{eb60e4f6-c8ea-4771-802d-2a0eda18e8e1}</UniqueIdentifier>
    </Filter>
    <Filter Include="Header Files\components">
      <UniqueIdentifier>{7cde5570-f32f-4291-9b0c-4d1d0718e0a2}</UniqueIdentifier>
    </Filter>
    <Filter Include="Header Files\systems">
      <UniqueIdentifier>{b71fc659-5340-4ee0-ba9b-58acb6817a0c}</UniqueIdentifier>
    </Filter>
    <Filter Include="Source Files\components">
      <UniqueIdentifier>{5aaad364-a86d-4d08-8d48-ecd0ae37684a}</UniqueIdentifier>
    </Filter>
    <Filter Include="Source Files\systems">
      <UniqueIdentifier>{d675ed08-d2b3-4604-ac1c-0cc87922bd7f}</UniqueIdentifier>
    </Filter>
    <Filter Include="Header Files\visitors">
      <UniqueIdentifier>{5ddac570-9d97-41a7-8750-da84a272a383}</UniqueIdentifier>
    </Filter>
    <Filter Include="Source Files\visitors">
      <UniqueIdentifier>{c5dcd453-ae8b-4cce-8e29-43e5e6536c1e}</UniqueIdentifier>
    </Filter>
    <Filter Include="Source Files\factories">
      <UniqueIdentifier>{e3377306-b081-451e-b306-ac79ff9b58e0}</UniqueIdentifier>
    </Filter>
    <Filter Include="Header Files\factories">
      <UniqueIdentifier>{8c29fbd8-e023-4d75-b8cc-b489abd422af}</UniqueIdentifier>
    </Filter>
  </ItemGroup>
  <ItemGroup>
    <None Include="deps\bin\debug\.gitkeep">
      <Filter>Dependencies\Binary Files\Debug</Filter>
    </None>
    <None Include="deps\bin\release\.gitkeep">
      <Filter>Dependencies\Binary Files\Release</Filter>
    </None>
    <None Include="deps\lib\debug\.gitkeep">
      <Filter>Dependencies\Library Files\Debug</Filter>
    </None>
    <None Include="deps\lib\release\.gitkeep">
      <Filter>Dependencies\Library Files\Release</Filter>
    </None>
    <None Include="deps\include\.gitkeep">
      <Filter>Dependencies\Include Files</Filter>
    </None>
    <None Include="res\entities.json">
      <Filter>Resource Files</Filter>
    </None>
  </ItemGroup>
  <ItemGroup>
    <ClCompile Include="src\main.cpp">
      <Filter>Source Files</Filter>
    </ClCompile>
    <ClCompile Include="src\stdafx.cpp">
      <Filter>Source Files</Filter>
    </ClCompile>
    <ClCompile Include="src\graphics\Window.cpp">
      <Filter>Source Files\graphics</Filter>
    </ClCompile>
    <ClCompile Include="src\graphics\WindowStyle.cpp">
      <Filter>Source Files\graphics</Filter>
    </ClCompile>
    <ClCompile Include="src\graphics\WindowParams.cpp">
      <Filter>Source Files\graphics</Filter>
    </ClCompile>
    <ClCompile Include="src\graphics\SDLWindow.cpp">
      <Filter>Source Files\graphics</Filter>
    </ClCompile>
    <ClCompile Include="src\graphics\SDLWindowParams.cpp">
      <Filter>Source Files\graphics</Filter>
    </ClCompile>
    <ClCompile Include="src\graphics\SDLDeleter.cpp">
      <Filter>Source Files\graphics</Filter>
    </ClCompile>
    <ClCompile Include="src\graphics\SfWindow.cpp">
      <Filter>Source Files\graphics</Filter>
    </ClCompile>
    <ClCompile Include="src\graphics\SfWindowParams.cpp">
      <Filter>Source Files\graphics</Filter>
    </ClCompile>
    <ClCompile Include="src\input\MouseHandler.cpp">
      <Filter>Source Files\input</Filter>
    </ClCompile>
    <ClCompile Include="src\input\Keyhandler.cpp">
      <Filter>Source Files\input</Filter>
    </ClCompile>
    <ClCompile Include="src\Game.cpp">
      <Filter>Source Files</Filter>
    </ClCompile>
    <ClCompile Include="src\utilities\Time.cpp">
      <Filter>Source Files\utilities</Filter>
    </ClCompile>
    <ClCompile Include="src\utilities\Console.cpp">
      <Filter>Source Files\utilities</Filter>
    </ClCompile>
    <ClCompile Include="src\math\Vector2.cpp">
      <Filter>Source Files\math</Filter>
    </ClCompile>
    <ClCompile Include="src\systems\BaseSystem.cpp">
      <Filter>Source Files\systems</Filter>
    </ClCompile>
    <ClCompile Include="src\visitors\RenderRectVisitor.cpp">
      <Filter>Source Files\visitors</Filter>
    </ClCompile>
    <ClCompile Include="src\Registry.cpp">
      <Filter>Source Files</Filter>
    </ClCompile>
    <ClCompile Include="src\systems\RenderRectSystem.cpp">
      <Filter>Source Files\systems</Filter>
    </ClCompile>
    <ClCompile Include="src\components\Location.cpp">
      <Filter>Source Files\components</Filter>
    </ClCompile>
    <ClCompile Include="src\components\RenderRect.cpp">
      <Filter>Source Files\components</Filter>
    </ClCompile>
    <ClCompile Include="src\components\Dimensions.cpp">
      <Filter>Source Files\components</Filter>
    </ClCompile>
    <ClCompile Include="src\utilities\JsonLoader.cpp">
      <Filter>Source Files\utilities</Filter>
    </ClCompile>
    <ClCompile Include="src\visitors\RenderVisitor.cpp">
      <Filter>Source Files\visitors</Filter>
    </ClCompile>
    <ClCompile Include="src\factories\EntityFactory.cpp">
      <Filter>Source Files\factories</Filter>
    </ClCompile>
    <ClCompile Include="src\factories\GridFactory.cpp">
      <Filter>Source Files\factories</Filter>
    </ClCompile>
    <ClCompile Include="src\components\RenderGrid.cpp">
      <Filter>Source Files\components</Filter>
    </ClCompile>
    <ClCompile Include="src\factories\BackgroundFactory.cpp">
      <Filter>Source Files\factories</Filter>
    </ClCompile>
    <ClCompile Include="src\factories\EntityJsonFactory.cpp">
      <Filter>Source Files\factories</Filter>
    </ClCompile>
    <ClCompile Include="src\systems\RenderGridSystem.cpp">
      <Filter>Source Files\systems</Filter>
    </ClCompile>
  </ItemGroup>
  <ItemGroup>
    <ClInclude Include="src\stdafx.h">
      <Filter>Header Files</Filter>
    </ClInclude>
    <ClInclude Include="src\graphics\Window.h">
      <Filter>Header Files\graphics</Filter>
    </ClInclude>
    <ClInclude Include="src\graphics\WindowStyle.h">
      <Filter>Header Files\graphics</Filter>
    </ClInclude>
    <ClInclude Include="src\graphics\SDLWindow.h">
      <Filter>Header Files\graphics</Filter>
    </ClInclude>
    <ClInclude Include="src\graphics\WindowParams.h">
      <Filter>Header Files\graphics</Filter>
    </ClInclude>
    <ClInclude Include="src\graphics\SDLWindowParams.h">
      <Filter>Header Files\graphics</Filter>
    </ClInclude>
    <ClInclude Include="src\graphics\SDLDeleter.h">
      <Filter>Header Files\graphics</Filter>
    </ClInclude>
    <ClInclude Include="src\graphics\SfWindow.h">
      <Filter>Header Files\graphics</Filter>
    </ClInclude>
    <ClInclude Include="src\graphics\SfWindowParams.h">
      <Filter>Header Files\graphics</Filter>
    </ClInclude>
    <ClInclude Include="src\input\Keyhandler.h">
      <Filter>Header Files\input</Filter>
    </ClInclude>
    <ClInclude Include="src\input\MouseHandler.h">
      <Filter>Header Files\input</Filter>
    </ClInclude>
    <ClInclude Include="src\Game.h">
      <Filter>Header Files</Filter>
    </ClInclude>
    <ClInclude Include="src\utilities\Console.h">
      <Filter>Header Files\utilities</Filter>
    </ClInclude>
    <ClInclude Include="src\utilities\Time.h">
      <Filter>Header Files\utilities</Filter>
    </ClInclude>
    <ClInclude Include="src\math\Vector2.h">
      <Filter>Header Files\math</Filter>
    </ClInclude>
    <ClInclude Include="src\systems\BaseSystem.h">
      <Filter>Header Files\systems</Filter>
    </ClInclude>
    <ClInclude Include="src\visitors\RenderRectVisitor.h">
      <Filter>Header Files\visitors</Filter>
    </ClInclude>
    <ClInclude Include="src\Registry.h">
      <Filter>Header Files</Filter>
    </ClInclude>
    <ClInclude Include="src\systems\RenderRectSystem.h">
      <Filter>Header Files\systems</Filter>
    </ClInclude>
    <ClInclude Include="src\components\Location.h">
      <Filter>Header Files\components</Filter>
    </ClInclude>
    <ClInclude Include="src\components\RenderRect.h">
      <Filter>Header Files\components</Filter>
    </ClInclude>
    <ClInclude Include="src\components\Dimensions.h">
      <Filter>Header Files\components</Filter>
    </ClInclude>
    <ClInclude Include="src\visitors\RenderVisitor.h">
      <Filter>Header Files\visitors</Filter>
    </ClInclude>
    <ClInclude Include="src\utilities\JsonLoader.h">
      <Filter>Header Files\utilities</Filter>
    </ClInclude>
    <ClInclude Include="src\factories\EntityFactory.h">
      <Filter>Header Files\factories</Filter>
    </ClInclude>
    <ClInclude Include="src\factories\GridFactory.h">
      <Filter>Header Files\factories</Filter>
    </ClInclude>
    <ClInclude Include="src\components\RenderGrid.h">
      <Filter>Header Files\components</Filter>
    </ClInclude>
    <ClInclude Include="src\factories\EntityJsonFactory.h">
      <Filter>Header Files\factories</Filter>
    </ClInclude>
    <ClInclude Include="src\factories\BackgroundFactory.h">
      <Filter>Header Files\factories</Filter>
    </ClInclude>
    <ClInclude Include="src\systems\RenderGridSystem.h">
      <Filter>Header Files\systems</Filter>
    </ClInclude>
  </ItemGroup>
</Project>