<?xml version="1.0" encoding="utf-8"?>
<Project ToolsVersion="4.0" xmlns="http://schemas.microsoft.com/developer/msbuild/2003">
  <ItemGroup>
    <Filter Include="Source Files">
      <UniqueIdentifier>{4FC737F1-C7A5-4376-A066-2A32D752A2FF}</UniqueIdentifier>
      <Extensions>cpp;c;cc;cxx;def;odl;idl;hpj;bat;asm;asmx</Extensions>
    </Filter>
    <Filter Include="Header Files">
      <UniqueIdentifier>{93995380-89BD-4b04-88EB-625FBE52EBFB}</UniqueIdentifier>
      <Extensions>h;hh;hpp;hxx;hm;inl;inc;ipp;xsd</Extensions>
    </Filter>
    <Filter Include="Resource Files">
      <UniqueIdentifier>{67DA6AB6-F800-4c08-8B7A-83BB121AAD01}</UniqueIdentifier>
      <Extensions>rc;ico;cur;bmp;dlg;rc2;rct;bin;rgs;gif;jpg;jpeg;jpe;resx;tiff;tif;png;wav;mfcribbon-ms</Extensions>
    </Filter>
    <Filter Include="Source Files\system">
      <UniqueIdentifier>{4894b9a4-0ced-4047-bf6d-5428ff22fdd3}</UniqueIdentifier>
    </Filter>
    <Filter Include="Header Files\system">
      <UniqueIdentifier>{ff176378-d7b1-4f6f-ab25-bdbcbb19f239}</UniqueIdentifier>
    </Filter>
    <Filter Include="Header Files\utilities">
      <UniqueIdentifier>{be4928b2-b81b-428e-8062-c884ccff820c}</UniqueIdentifier>
    </Filter>
    <Filter Include="Source Files\utilities">
      <UniqueIdentifier>{b9474ae8-e4e2-4bcc-9c78-26533f5f8442}</UniqueIdentifier>
    </Filter>
    <Filter Include="Header Files\components">
      <UniqueIdentifier>{50094788-bfc8-42bd-a38c-901d1199bc1b}</UniqueIdentifier>
    </Filter>
    <Filter Include="Source Files\components">
      <UniqueIdentifier>{2db5f2f1-453c-4182-878f-6b3cec434b75}</UniqueIdentifier>
    </Filter>
    <Filter Include="Source Files\utilities\visitors">
      <UniqueIdentifier>{63149287-d51e-4123-a2da-93c6e6480643}</UniqueIdentifier>
    </Filter>
    <Filter Include="Header Files\utilities\visitors">
      <UniqueIdentifier>{c454fa50-6235-4a05-89f1-db7474680306}</UniqueIdentifier>
    </Filter>
    <Filter Include="Source Files\factories">
      <UniqueIdentifier>{08f4802d-49b5-4499-90e5-34adb0f2932b}</UniqueIdentifier>
    </Filter>
    <Filter Include="Header Files\factories">
      <UniqueIdentifier>{d75352fa-cd54-4f7d-b840-48b6ae6f5418}</UniqueIdentifier>
    </Filter>
  </ItemGroup>
  <ItemGroup>
    <ClCompile Include="src\main.cpp">
      <Filter>Source Files</Filter>
    </ClCompile>
    <ClCompile Include="src\stdafx.cpp">
      <Filter>Source Files</Filter>
    </ClCompile>
    <ClCompile Include="src\Game.cpp">
      <Filter>Source Files</Filter>
    </ClCompile>
    <ClCompile Include="src\utilities\Keyhandler.cpp">
      <Filter>Source Files\utilities</Filter>
    </ClCompile>
    <ClCompile Include="src\components\Render.cpp">
      <Filter>Source Files\components</Filter>
    </ClCompile>
    <ClCompile Include="src\components\Motion.cpp">
      <Filter>Source Files\components</Filter>
    </ClCompile>
    <ClCompile Include="src\components\Location.cpp">
      <Filter>Source Files\components</Filter>
    </ClCompile>
    <ClCompile Include="src\system\RenderSystem.cpp">
      <Filter>Source Files\system</Filter>
    </ClCompile>
    <ClCompile Include="src\system\BaseSystem.cpp">
      <Filter>Source Files\system</Filter>
    </ClCompile>
    <ClCompile Include="src\system\MotionSystem.cpp">
      <Filter>Source Files\system</Filter>
    </ClCompile>
    <ClCompile Include="src\system\InputSystem.cpp">
      <Filter>Source Files\system</Filter>
    </ClCompile>
    <ClCompile Include="src\components\MotionInput.cpp">
      <Filter>Source Files\components</Filter>
    </ClCompile>
    <ClCompile Include="src\system\CollisionSystem.cpp">
      <Filter>Source Files\system</Filter>
    </ClCompile>
    <ClCompile Include="src\components\Collision.cpp">
      <Filter>Source Files\components</Filter>
    </ClCompile>
    <ClCompile Include="src\components\Dimensions.cpp">
      <Filter>Source Files\components</Filter>
    </ClCompile>
    <ClCompile Include="src\utilities\visitors\RenderVisitor.cpp">
      <Filter>Source Files\utilities\visitors</Filter>
    </ClCompile>
    <ClCompile Include="src\components\AiWander.cpp">
      <Filter>Source Files\components</Filter>
    </ClCompile>
    <ClCompile Include="src\system\AiWanderSystem.cpp">
      <Filter>Source Files\system</Filter>
    </ClCompile>
    <ClCompile Include="src\factories\BaseFactory.cpp">
      <Filter>Source Files\factories</Filter>
    </ClCompile>
    <ClCompile Include="src\factories\PlayerFactory.cpp">
      <Filter>Source Files\factories</Filter>
    </ClCompile>
    <ClCompile Include="src\factories\EnemyFactory.cpp">
      <Filter>Source Files\factories</Filter>
    </ClCompile>
    <ClCompile Include="src\factories\EnemySeekFactory.cpp">
      <Filter>Source Files\factories</Filter>
    </ClCompile>
    <ClCompile Include="src\components\AiSeek.cpp">
      <Filter>Source Files\components</Filter>
    </ClCompile>
    <ClCompile Include="src\system\AiSeekSystem.cpp">
      <Filter>Source Files\system</Filter>
    </ClCompile>
    <ClCompile Include="src\components\Player.cpp">
      <Filter>Source Files\components</Filter>
    </ClCompile>
    <ClCompile Include="src\utilities\Math.cpp">
      <Filter>Source Files\utilities</Filter>
    </ClCompile>
    <ClCompile Include="src\system\AiFleeSystem.cpp">
      <Filter>Source Files\system</Filter>
    </ClCompile>
    <ClCompile Include="src\components\AiFlee.cpp">
      <Filter>Source Files</Filter>
    </ClCompile>
  </ItemGroup>
  <ItemGroup>
    <ClInclude Include="src\stdafx.h">
      <Filter>Header Files</Filter>
    </ClInclude>
    <ClInclude Include="src\Game.h">
      <Filter>Header Files</Filter>
    </ClInclude>
    <ClInclude Include="src\utilities\Keyhandler.h">
      <Filter>Header Files\utilities</Filter>
    </ClInclude>
    <ClInclude Include="src\components\Render.h">
      <Filter>Header Files\components</Filter>
    </ClInclude>
    <ClInclude Include="src\components\Motion.h">
      <Filter>Header Files\components</Filter>
    </ClInclude>
    <ClInclude Include="src\components\Location.h">
      <Filter>Header Files\components</Filter>
    </ClInclude>
    <ClInclude Include="src\system\RenderSystem.h">
      <Filter>Header Files\system</Filter>
    </ClInclude>
    <ClInclude Include="src\system\BaseSystem.h">
      <Filter>Header Files\system</Filter>
    </ClInclude>
    <ClInclude Include="src\system\MotionSystem.h">
      <Filter>Header Files\system</Filter>
    </ClInclude>
    <ClInclude Include="src\system\InputSystem.h">
      <Filter>Header Files\system</Filter>
    </ClInclude>
    <ClInclude Include="src\components\MotionInput.h">
      <Filter>Header Files\components</Filter>
    </ClInclude>
    <ClInclude Include="src\system\CollisionSystem.h">
      <Filter>Header Files\system</Filter>
    </ClInclude>
    <ClInclude Include="src\components\Collision.h">
      <Filter>Header Files\components</Filter>
    </ClInclude>
    <ClInclude Include="src\components\Dimensions.h">
      <Filter>Header Files\components</Filter>
    </ClInclude>
    <ClInclude Include="src\utilities\visitors\RenderVisitor.h">
      <Filter>Header Files\utilities\visitors</Filter>
    </ClInclude>
    <ClInclude Include="src\components\AiWander.h">
      <Filter>Header Files\components</Filter>
    </ClInclude>
    <ClInclude Include="src\system\AiWanderSystem.h">
      <Filter>Header Files\system</Filter>
    </ClInclude>
    <ClInclude Include="src\factories\BaseFactory.h">
      <Filter>Header Files\factories</Filter>
    </ClInclude>
    <ClInclude Include="src\factories\PlayerFactory.h">
      <Filter>Header Files\factories</Filter>
    </ClInclude>
    <ClInclude Include="src\factories\EnemyFactory.h">
      <Filter>Header Files\factories</Filter>
    </ClInclude>
    <ClInclude Include="src\factories\EnemySeekFactory.h">
      <Filter>Header Files\factories</Filter>
    </ClInclude>
    <ClInclude Include="src\components\AiSeek.h">
      <Filter>Header Files\components</Filter>
    </ClInclude>
    <ClInclude Include="src\system\AiSeekSystem.h">
      <Filter>Header Files\system</Filter>
    </ClInclude>
    <ClInclude Include="src\components\Player.h">
      <Filter>Header Files\components</Filter>
    </ClInclude>
    <ClInclude Include="src\utilities\Math.h">
      <Filter>Header Files\utilities</Filter>
    </ClInclude>
    <ClInclude Include="src\system\AiFleeSystem.h">
      <Filter>Header Files\system</Filter>
    </ClInclude>
    <ClInclude Include="src\components\AiFlee.h">
      <Filter>Header Files</Filter>
    </ClInclude>
  </ItemGroup>
  <ItemGroup>
    <Image Include="assets\enemy.png">
      <Filter>Resource Files</Filter>
    </Image>
    <Image Include="assets\spaceship.png">
      <Filter>Resource Files</Filter>
    </Image>
  </ItemGroup>
</Project>