<?xml version="1.0" encoding="utf-8"?>
<Project ToolsVersion="4.0" xmlns="http://schemas.microsoft.com/developer/msbuild/2003">
  <ItemGroup>
    <Filter Include="Source Files">
      <UniqueIdentifier>{4FC737F1-C7A5-4376-A066-2A32D752A2FF}</UniqueIdentifier>
      <Extensions>cpp;c;cc;cxx;def;odl;idl;hpj;bat;asm;asmx</Extensions>
    </Filter>
    <Filter Include="Header Files">
      <UniqueIdentifier>{93995380-89BD-4b04-88EB-625FBE52EBFB}</UniqueIdentifier>
      <Extensions>h;hh;hpp;hxx;hm;inl;inc;ipp;xsd</Extensions>
    </Filter>
    <Filter Include="Resource Files">
      <UniqueIdentifier>{67DA6AB6-F800-4c08-8B7A-83BB121AAD01}</UniqueIdentifier>
      <Extensions>rc;ico;cur;bmp;dlg;rc2;rct;bin;rgs;gif;jpg;jpeg;jpe;resx;tiff;tif;png;wav;mfcribbon-ms</Extensions>
    </Filter>
    <Filter Include="Header Files\entities">
      <UniqueIdentifier>{ade7630b-bd43-4763-a866-45d7918a6bba}</UniqueIdentifier>
    </Filter>
    <Filter Include="Source Files\entities">
      <UniqueIdentifier>{56a22706-52cc-4e58-861f-48ac6cd6ff84}</UniqueIdentifier>
    </Filter>
    <Filter Include="Source Files\system">
      <UniqueIdentifier>{4894b9a4-0ced-4047-bf6d-5428ff22fdd3}</UniqueIdentifier>
    </Filter>
    <Filter Include="Header Files\system">
      <UniqueIdentifier>{ff176378-d7b1-4f6f-ab25-bdbcbb19f239}</UniqueIdentifier>
    </Filter>
  </ItemGroup>
  <ItemGroup>
    <ClCompile Include="src\main.cpp">
      <Filter>Source Files</Filter>
    </ClCompile>
    <ClCompile Include="src\stdafx.cpp">
      <Filter>Source Files</Filter>
    </ClCompile>
    <ClCompile Include="src\Game.cpp">
      <Filter>Source Files</Filter>
    </ClCompile>
    <ClCompile Include="src\entities\Player.cpp">
      <Filter>Source Files\entities</Filter>
    </ClCompile>
    <ClCompile Include="src\entities\Enemy.cpp">
      <Filter>Source Files\entities</Filter>
    </ClCompile>
    <ClCompile Include="src\collisions\Collisions.cpp">
      <Filter>Source Files</Filter>
    </ClCompile>
    <ClCompile Include="src\system\Keyhandler.cpp">
      <Filter>Source Files\system</Filter>
    </ClCompile>
  </ItemGroup>
  <ItemGroup>
    <ClInclude Include="src\stdafx.h">
      <Filter>Header Files</Filter>
    </ClInclude>
    <ClInclude Include="src\Game.h">
      <Filter>Header Files</Filter>
    </ClInclude>
    <ClInclude Include="src\entities\Enemy.h">
      <Filter>Header Files\entities</Filter>
    </ClInclude>
    <ClInclude Include="src\entities\Player.h">
      <Filter>Header Files\entities</Filter>
    </ClInclude>
    <ClInclude Include="src\collisions\Collisions.h">
      <Filter>Header Files</Filter>
    </ClInclude>
    <ClInclude Include="src\system\Keyhandler.h">
      <Filter>Header Files\system</Filter>
    </ClInclude>
  </ItemGroup>
</Project>